
Microsoft Visual Studio Solution File, Format Version 12.00
# Visual Studio 15
VisualStudioVersion = 15.0.28307.329
MinimumVisualStudioVersion = 10.0.40219.1
Project("{9A19103F-16F7-4668-BE54-9A1E7A4F7556}") = "TaskrLibrary", "TaskTracker\TaskrLibrary.csproj", "{52A101CB-E975-4AE6-949F-366175E8DDC8}"
EndProject
Project("{FAE04EC0-301F-11D3-BF4B-00C04F79EFBC}") = "TaskrConsole", "ConsoleUI\TaskrConsole.csproj", "{CF8A7FE5-A6E3-495D-A640-E5FF4177B5EC}"
EndProject
Global
	GlobalSection(SolutionConfigurationPlatforms) = preSolution
		Debug|Any CPU = Debug|Any CPU
		Release|Any CPU = Release|Any CPU
	EndGlobalSection
	GlobalSection(ProjectConfigurationPlatforms) = postSolution
		{52A101CB-E975-4AE6-949F-366175E8DDC8}.Debug|Any CPU.ActiveCfg = Debug|Any CPU
		{52A101CB-E975-4AE6-949F-366175E8DDC8}.Debug|Any CPU.Build.0 = Debug|Any CPU
		{52A101CB-E975-4AE6-949F-366175E8DDC8}.Release|Any CPU.ActiveCfg = Release|Any CPU
		{52A101CB-E975-4AE6-949F-366175E8DDC8}.Release|Any CPU.Build.0 = Release|Any CPU
		{CF8A7FE5-A6E3-495D-A640-E5FF4177B5EC}.Debug|Any CPU.ActiveCfg = Debug|Any CPU
		{CF8A7FE5-A6E3-495D-A640-E5FF4177B5EC}.Debug|Any CPU.Build.0 = Debug|Any CPU
		{CF8A7FE5-A6E3-495D-A640-E5FF4177B5EC}.Release|Any CPU.ActiveCfg = Release|Any CPU
		{CF8A7FE5-A6E3-495D-A640-E5FF4177B5EC}.Release|Any CPU.Build.0 = Release|Any CPU
	EndGlobalSection
	GlobalSection(SolutionProperties) = preSolution
		HideSolutionNode = FALSE
	EndGlobalSection
	GlobalSection(ExtensibilityGlobals) = postSolution
		SolutionGuid = {31868C8B-E4F9-4B3C-971A-89C95910A612}
	EndGlobalSection
EndGlobal
